{
    "_readme": [
        "This file locks the dependencies of your project to a known state",
        "Read more about it at https://getcomposer.org/doc/01-basic-usage.md#installing-dependencies",
        "This file is @generated automatically"
    ],
    "content-hash": "3480552c4430c1102f2785b5a97175a6",
    "packages": [
        {
            "name": "cfenollosa/bashblog",
            "version": "dev-master",
            "source": {
                "type": "git",
                "url": "https://github.com/cfenollosa/bashblog",
                "reference": "origin/master"
            },
            "type": "library",
            "time": "2017-01-03T16:11:04+00:00"
        }
    ],
    "packages-dev": [],
    "aliases": [],
    "minimum-stability": "stable",
    "stability-flags": {
        "cfenollosa/bashblog": 20
    },
    "prefer-stable": false,
    "prefer-lowest": false,
    "platform": [],
    "platform-dev": []
}
